
Microsoft Visual Studio Solution File, Format Version 12.00
# Visual Studio Version 16
VisualStudioVersion = 16.0.29905.134
MinimumVisualStudioVersion = 10.0.40219.1
Project("{9A19103F-16F7-4668-BE54-9A1E7A4F7556}") = "Hexasoft.Zxcvbn", "Hexasoft.Zxcvbn\Hexasoft.Zxcvbn.csproj", "{0C422C86-B3B3-4D6C-8839-26ABB76DAC76}"
EndProject
Project("{9A19103F-16F7-4668-BE54-9A1E7A4F7556}") = "Hexasoft.Zxcvbn.Tests", "Hexasoft.Zxcvbn.Tests\Hexasoft.Zxcvbn.Tests.csproj", "{87C4A7BD-2ED3-4C6C-9C88-0D502607D38E}"
EndProject
Global
	GlobalSection(SolutionConfigurationPlatforms) = preSolution
		Debug|Any CPU = Debug|Any CPU
		Release|Any CPU = Release|Any CPU
	EndGlobalSection
	GlobalSection(ProjectConfigurationPlatforms) = postSolution
		{0C422C86-B3B3-4D6C-8839-26ABB76DAC76}.Debug|Any CPU.ActiveCfg = Debug|Any CPU
		{0C422C86-B3B3-4D6C-8839-26ABB76DAC76}.Debug|Any CPU.Build.0 = Debug|Any CPU
		{0C422C86-B3B3-4D6C-8839-26ABB76DAC76}.Release|Any CPU.ActiveCfg = Release|Any CPU
		{0C422C86-B3B3-4D6C-8839-26ABB76DAC76}.Release|Any CPU.Build.0 = Release|Any CPU
		{87C4A7BD-2ED3-4C6C-9C88-0D502607D38E}.Debug|Any CPU.ActiveCfg = Debug|Any CPU
		{87C4A7BD-2ED3-4C6C-9C88-0D502607D38E}.Debug|Any CPU.Build.0 = Debug|Any CPU
		{87C4A7BD-2ED3-4C6C-9C88-0D502607D38E}.Release|Any CPU.ActiveCfg = Release|Any CPU
		{87C4A7BD-2ED3-4C6C-9C88-0D502607D38E}.Release|Any CPU.Build.0 = Release|Any CPU
	EndGlobalSection
	GlobalSection(SolutionProperties) = preSolution
		HideSolutionNode = FALSE
	EndGlobalSection
	GlobalSection(ExtensibilityGlobals) = postSolution
		SolutionGuid = {87585D10-C0A9-4A39-9499-D21801AA4686}
	EndGlobalSection
EndGlobal
