
Microsoft Visual Studio Solution File, Format Version 12.00
# Visual Studio 14
VisualStudioVersion = 14.0.23107.0
MinimumVisualStudioVersion = 10.0.40219.1
Project("{FAE04EC0-301F-11D3-BF4B-00C04F79EFBC}") = "Hexasoft.Zxcvbn", "Hexasoft.Zxcvbn\Hexasoft.Zxcvbn.csproj", "{1A4BC28E-3F43-4702-ACF4-2166FF10F822}"
EndProject
Project("{FAE04EC0-301F-11D3-BF4B-00C04F79EFBC}") = "Hexasoft.Zxcvbn.Tests", "Hexasoft.Zxcvbn.Tests\Hexasoft.Zxcvbn.Tests.csproj", "{8743973D-F2DD-499C-8731-4558C0318F7D}"
EndProject
Global
	GlobalSection(SolutionConfigurationPlatforms) = preSolution
		Debug|Any CPU = Debug|Any CPU
		Release|Any CPU = Release|Any CPU
	EndGlobalSection
	GlobalSection(ProjectConfigurationPlatforms) = postSolution
		{1A4BC28E-3F43-4702-ACF4-2166FF10F822}.Debug|Any CPU.ActiveCfg = Debug|Any CPU
		{1A4BC28E-3F43-4702-ACF4-2166FF10F822}.Debug|Any CPU.Build.0 = Debug|Any CPU
		{1A4BC28E-3F43-4702-ACF4-2166FF10F822}.Release|Any CPU.ActiveCfg = Release|Any CPU
		{1A4BC28E-3F43-4702-ACF4-2166FF10F822}.Release|Any CPU.Build.0 = Release|Any CPU
		{8743973D-F2DD-499C-8731-4558C0318F7D}.Debug|Any CPU.ActiveCfg = Debug|Any CPU
		{8743973D-F2DD-499C-8731-4558C0318F7D}.Debug|Any CPU.Build.0 = Debug|Any CPU
		{8743973D-F2DD-499C-8731-4558C0318F7D}.Release|Any CPU.ActiveCfg = Release|Any CPU
		{8743973D-F2DD-499C-8731-4558C0318F7D}.Release|Any CPU.Build.0 = Release|Any CPU
	EndGlobalSection
	GlobalSection(SolutionProperties) = preSolution
		HideSolutionNode = FALSE
	EndGlobalSection
	GlobalSection(TeamFoundationVersionControl) = preSolution
		SccNumberOfProjects = 3
		SccEnterpriseProvider = {4CA58AB2-18FA-4F8D-95D4-32DDF27D184C}
		SccTeamFoundationServer = https://adamszabo.visualstudio.com/defaultcollection
		SccLocalPath0 = .
		SccProjectUniqueName1 = Hexasoft.Zxcvbn\\Hexasoft.Zxcvbn.csproj
		SccProjectName1 = Hexasoft.Zxcvbn
		SccLocalPath1 = Hexasoft.Zxcvbn
		SccProjectUniqueName2 = Hexasoft.Zxcvbn.Tests\\Hexasoft.Zxcvbn.Tests.csproj
		SccProjectName2 = Hexasoft.Zxcvbn.Tests
		SccLocalPath2 = Hexasoft.Zxcvbn.Tests
	EndGlobalSection
EndGlobal
